
Microsoft Visual Studio Solution File, Format Version 12.00
Project("{FAE04EC0-301F-11D3-BF4B-00C04F79EFBC}") = "FirstHW", "FirstHW.csproj", "{29640DC0-F4A8-4773-B8C5-B585EFC2AB6E}"
EndProject
Project("{FAE04EC0-301F-11D3-BF4B-00C04F79EFBC}") = "Tests", "Tests\Tests.csproj", "{AD315C5F-A614-49C1-A1BC-AEEC41F131A4}"
EndProject
Global
	GlobalSection(SolutionConfigurationPlatforms) = preSolution
		Debug|Any CPU = Debug|Any CPU
		Release|Any CPU = Release|Any CPU
	EndGlobalSection
	GlobalSection(ProjectConfigurationPlatforms) = postSolution
		{29640DC0-F4A8-4773-B8C5-B585EFC2AB6E}.Debug|Any CPU.ActiveCfg = Debug|Any CPU
		{29640DC0-F4A8-4773-B8C5-B585EFC2AB6E}.Debug|Any CPU.Build.0 = Debug|Any CPU
		{29640DC0-F4A8-4773-B8C5-B585EFC2AB6E}.Release|Any CPU.ActiveCfg = Release|Any CPU
		{29640DC0-F4A8-4773-B8C5-B585EFC2AB6E}.Release|Any CPU.Build.0 = Release|Any CPU
		{AD315C5F-A614-49C1-A1BC-AEEC41F131A4}.Debug|Any CPU.ActiveCfg = Debug|Any CPU
		{AD315C5F-A614-49C1-A1BC-AEEC41F131A4}.Debug|Any CPU.Build.0 = Debug|Any CPU
		{AD315C5F-A614-49C1-A1BC-AEEC41F131A4}.Release|Any CPU.ActiveCfg = Release|Any CPU
		{AD315C5F-A614-49C1-A1BC-AEEC41F131A4}.Release|Any CPU.Build.0 = Release|Any CPU
	EndGlobalSection
EndGlobal
